
Microsoft Visual Studio Solution File, Format Version 12.00
# Visual Studio Version 16
VisualStudioVersion = 16.0.29215.179
MinimumVisualStudioVersion = 10.0.40219.1
Project("{FAE04EC0-301F-11D3-BF4B-00C04F79EFBC}") = "FirstAndroidApp", "FirstAndroidApp\FirstAndroidApp.csproj", "{8BE0DCC1-5713-4B30-95DB-B7A1E396B172}"
EndProject
Global
	GlobalSection(SolutionConfigurationPlatforms) = preSolution
		Debug|Any CPU = Debug|Any CPU
		Release|Any CPU = Release|Any CPU
	EndGlobalSection
	GlobalSection(ProjectConfigurationPlatforms) = postSolution
		{8BE0DCC1-5713-4B30-95DB-B7A1E396B172}.Debug|Any CPU.ActiveCfg = Debug|Any CPU
		{8BE0DCC1-5713-4B30-95DB-B7A1E396B172}.Debug|Any CPU.Build.0 = Debug|Any CPU
		{8BE0DCC1-5713-4B30-95DB-B7A1E396B172}.Debug|Any CPU.Deploy.0 = Debug|Any CPU
		{8BE0DCC1-5713-4B30-95DB-B7A1E396B172}.Release|Any CPU.ActiveCfg = Release|Any CPU
		{8BE0DCC1-5713-4B30-95DB-B7A1E396B172}.Release|Any CPU.Build.0 = Release|Any CPU
		{8BE0DCC1-5713-4B30-95DB-B7A1E396B172}.Release|Any CPU.Deploy.0 = Release|Any CPU
	EndGlobalSection
	GlobalSection(SolutionProperties) = preSolution
		HideSolutionNode = FALSE
	EndGlobalSection
	GlobalSection(ExtensibilityGlobals) = postSolution
		SolutionGuid = {F8D14C85-0D4F-4D74-AC33-A3A78C7243F9}
	EndGlobalSection
EndGlobal
